// !$*UTF8*$!
{
	archiveVersion = 1;
	classes = {
	};
	objectVersion = 46;
	objects = {

/* Begin PBXBuildFile section */
		1D80F7D61FA4875C00F899A4 /* AppDelegate.swift in Sources */ = {isa = PBXBuildFile; fileRef = 1D80F7D51FA4875C00F899A4 /* AppDelegate.swift */; };
		1D80F7D81FA4875C00F899A4 /* ViewController.swift in Sources */ = {isa = PBXBuildFile; fileRef = 1D80F7D71FA4875C00F899A4 /* ViewController.swift */; };
		1D80F7DB1FA4875C00F899A4 /* Main.storyboard in Resources */ = {isa = PBXBuildFile; fileRef = 1D80F7D91FA4875C00F899A4 /* Main.storyboard */; };
		1D80F7DD1FA4875C00F899A4 /* Assets.xcassets in Resources */ = {isa = PBXBuildFile; fileRef = 1D80F7DC1FA4875C00F899A4 /* Assets.xcassets */; };
		1D80F7E01FA4875C00F899A4 /* LaunchScreen.storyboard in Resources */ = {isa = PBXBuildFile; fileRef = 1D80F7DE1FA4875C00F899A4 /* LaunchScreen.storyboard */; };
		1D80F7EB1FA4875C00F899A4 /* mygameTests.swift in Sources */ = {isa = PBXBuildFile; fileRef = 1D80F7EA1FA4875C00F899A4 /* mygameTests.swift */; };
		1D80F7F61FA4875C00F899A4 /* mygameUITests.swift in Sources */ = {isa = PBXBuildFile; fileRef = 1D80F7F51FA4875C00F899A4 /* mygameUITests.swift */; };
		1D80F8041FA487D700F899A4 /* background_final.png in Resources */ = {isa = PBXBuildFile; fileRef = 1D80F8031FA487D700F899A4 /* background_final.png */; };
		1D80F8081FA491A200F899A4 /* buttion1.png in Resources */ = {isa = PBXBuildFile; fileRef = 1D80F8071FA491A200F899A4 /* buttion1.png */; };
		1DEF019B1FA858C800B87B53 /* alphaViewController.swift in Sources */ = {isa = PBXBuildFile; fileRef = 1DEF019A1FA858C800B87B53 /* alphaViewController.swift */; };
		1DF20E761FAB19E4007CA98D /* s.mp3 in Resources */ = {isa = PBXBuildFile; fileRef = 1DF20E5C1FAB19E4007CA98D /* s.mp3 */; };
		1DF20E771FAB19E4007CA98D /* t.mp3 in Resources */ = {isa = PBXBuildFile; fileRef = 1DF20E5D1FAB19E4007CA98D /* t.mp3 */; };
		1DF20E781FAB19E4007CA98D /* u.mp3 in Resources */ = {isa = PBXBuildFile; fileRef = 1DF20E5E1FAB19E4007CA98D /* u.mp3 */; };
		1DF20E791FAB19E4007CA98D /* m.mp3 in Resources */ = {isa = PBXBuildFile; fileRef = 1DF20E5F1FAB19E4007CA98D /* m.mp3 */; };
		1DF20E7A1FAB19E4007CA98D /* n.mp3 in Resources */ = {isa = PBXBuildFile; fileRef = 1DF20E601FAB19E4007CA98D /* n.mp3 */; };
		1DF20E7B1FAB19E4007CA98D /* o.mp3 in Resources */ = {isa = PBXBuildFile; fileRef = 1DF20E611FAB19E4007CA98D /* o.mp3 */; };
		1DF20E7C1FAB19E4007CA98D /* p.mp3 in Resources */ = {isa = PBXBuildFile; fileRef = 1DF20E621FAB19E4007CA98D /* p.mp3 */; };
		1DF20E7D1FAB19E4007CA98D /* v.mp3 in Resources */ = {isa = PBXBuildFile; fileRef = 1DF20E631FAB19E4007CA98D /* v.mp3 */; };
		1DF20E7E1FAB19E4007CA98D /* i.mp3 in Resources */ = {isa = PBXBuildFile; fileRef = 1DF20E641FAB19E4007CA98D /* i.mp3 */; };
		1DF20E7F1FAB19E4007CA98D /* j.mp3 in Resources */ = {isa = PBXBuildFile; fileRef = 1DF20E651FAB19E4007CA98D /* j.mp3 */; };
		1DF20E801FAB19E4007CA98D /* k.mp3 in Resources */ = {isa = PBXBuildFile; fileRef = 1DF20E661FAB19E4007CA98D /* k.mp3 */; };
		1DF20E811FAB19E4007CA98D /* l.mp3 in Resources */ = {isa = PBXBuildFile; fileRef = 1DF20E671FAB19E4007CA98D /* l.mp3 */; };
		1DF20E821FAB19E4007CA98D /* h.mp3 in Resources */ = {isa = PBXBuildFile; fileRef = 1DF20E681FAB19E4007CA98D /* h.mp3 */; };
		1DF20E831FAB19E4007CA98D /* q.mp3 in Resources */ = {isa = PBXBuildFile; fileRef = 1DF20E691FAB19E4007CA98D /* q.mp3 */; };
		1DF20E841FAB19E4007CA98D /* w.mp3 in Resources */ = {isa = PBXBuildFile; fileRef = 1DF20E6A1FAB19E4007CA98D /* w.mp3 */; };
		1DF20E851FAB19E4007CA98D /* c.mp3 in Resources */ = {isa = PBXBuildFile; fileRef = 1DF20E6B1FAB19E4007CA98D /* c.mp3 */; };
		1DF20E861FAB19E4007CA98D /* e.mp3 in Resources */ = {isa = PBXBuildFile; fileRef = 1DF20E6C1FAB19E4007CA98D /* e.mp3 */; };
		1DF20E871FAB19E4007CA98D /* f.mp3 in Resources */ = {isa = PBXBuildFile; fileRef = 1DF20E6D1FAB19E4007CA98D /* f.mp3 */; };
		1DF20E881FAB19E4007CA98D /* b.mp3 in Resources */ = {isa = PBXBuildFile; fileRef = 1DF20E6E1FAB19E4007CA98D /* b.mp3 */; };
		1DF20E891FAB19E4007CA98D /* d.mp3 in Resources */ = {isa = PBXBuildFile; fileRef = 1DF20E6F1FAB19E4007CA98D /* d.mp3 */; };
		1DF20E8A1FAB19E4007CA98D /* r.mp3 in Resources */ = {isa = PBXBuildFile; fileRef = 1DF20E701FAB19E4007CA98D /* r.mp3 */; };
		1DF20E8B1FAB19E4007CA98D /* x.mp3 in Resources */ = {isa = PBXBuildFile; fileRef = 1DF20E711FAB19E4007CA98D /* x.mp3 */; };
		1DF20E8C1FAB19E4007CA98D /* g.mp3 in Resources */ = {isa = PBXBuildFile; fileRef = 1DF20E721FAB19E4007CA98D /* g.mp3 */; };
		1DF20E8D1FAB19E4007CA98D /* y.mp3 in Resources */ = {isa = PBXBuildFile; fileRef = 1DF20E731FAB19E4007CA98D /* y.mp3 */; };
		1DF20E8E1FAB19E4007CA98D /* a.mp3 in Resources */ = {isa = PBXBuildFile; fileRef = 1DF20E741FAB19E4007CA98D /* a.mp3 */; };
		1DF20E901FAB3156007CA98D /* z.mp3 in Resources */ = {isa = PBXBuildFile; fileRef = 1DF20E8F1FAB3156007CA98D /* z.mp3 */; };
		1DF20E921FAB3566007CA98D /* aaaa.png in Resources */ = {isa = PBXBuildFile; fileRef = 1DF20E911FAB3566007CA98D /* aaaa.png */; };
		1DF20E941FAB3678007CA98D /* home-icon.png in Resources */ = {isa = PBXBuildFile; fileRef = 1DF20E931FAB3678007CA98D /* home-icon.png */; };
		1DF20E961FAB43ED007CA98D /* alpha_try_f1.png in Resources */ = {isa = PBXBuildFile; fileRef = 1DF20E951FAB43ED007CA98D /* alpha_try_f1.png */; };
		1DF3DFD51FA720B0006B1AAE /* alphabet1.png in Resources */ = {isa = PBXBuildFile; fileRef = 1DF3DFD41FA720B0006B1AAE /* alphabet1.png */; };
		1DF3DFD71FA724EE006B1AAE /* spelling_final.png in Resources */ = {isa = PBXBuildFile; fileRef = 1DF3DFD61FA724EE006B1AAE /* spelling_final.png */; };
		1DF3DFD91FA726AE006B1AAE /* color_final.png in Resources */ = {isa = PBXBuildFile; fileRef = 1DF3DFD81FA726AE006B1AAE /* color_final.png */; };
		1DF3DFDB1FA72751006B1AAE /* rhymes_final.png in Resources */ = {isa = PBXBuildFile; fileRef = 1DF3DFDA1FA72751006B1AAE /* rhymes_final.png */; };
		1DF3DFDD1FA72A60006B1AAE /* play_final.png in Resources */ = {isa = PBXBuildFile; fileRef = 1DF3DFDC1FA72A60006B1AAE /* play_final.png */; };
		1DF3DFDF1FA72BC2006B1AAE /* settibg_final.png in Resources */ = {isa = PBXBuildFile; fileRef = 1DF3DFDE1FA72BC2006B1AAE /* settibg_final.png */; };
		1DF3DFE11FA74111006B1AAE /* A-for-apple.jpg in Resources */ = {isa = PBXBuildFile; fileRef = 1DF3DFE01FA74111006B1AAE /* A-for-apple.jpg */; };
		1DFBF59E1FA85B3000F057A7 /* B-for-ball.jpg in Resources */ = {isa = PBXBuildFile; fileRef = 1DFBF5851FA85B3000F057A7 /* B-for-ball.jpg */; };
		1DFBF59F1FA85B3000F057A7 /* C-for-cat.jpg in Resources */ = {isa = PBXBuildFile; fileRef = 1DFBF5861FA85B3000F057A7 /* C-for-cat.jpg */; };
		1DFBF5A01FA85B3000F057A7 /* D-for-doll.jpg in Resources */ = {isa = PBXBuildFile; fileRef = 1DFBF5871FA85B3000F057A7 /* D-for-doll.jpg */; };
		1DFBF5A11FA85B3000F057A7 /* E-for-eagle.jpg in Resources */ = {isa = PBXBuildFile; fileRef = 1DFBF5881FA85B3000F057A7 /* E-for-eagle.jpg */; };
		1DFBF5A21FA85B3000F057A7 /* F-for-fox.jpg in Resources */ = {isa = PBXBuildFile; fileRef = 1DFBF5891FA85B3000F057A7 /* F-for-fox.jpg */; };
		1DFBF5A31FA85B3000F057A7 /* G-for-goat.jpg in Resources */ = {isa = PBXBuildFile; fileRef = 1DFBF58A1FA85B3000F057A7 /* G-for-goat.jpg */; };
		1DFBF5A41FA85B3000F057A7 /* H-for-horse.jpg in Resources */ = {isa = PBXBuildFile; fileRef = 1DFBF58B1FA85B3000F057A7 /* H-for-horse.jpg */; };
		1DFBF5A51FA85B3000F057A7 /* I-for-ice-cream.jpg in Resources */ = {isa = PBXBuildFile; fileRef = 1DFBF58C1FA85B3000F057A7 /* I-for-ice-cream.jpg */; };
		1DFBF5A61FA85B3000F057A7 /* J-for-jug.jpg in Resources */ = {isa = PBXBuildFile; fileRef = 1DFBF58D1FA85B3000F057A7 /* J-for-jug.jpg */; };
		1DFBF5A71FA85B3000F057A7 /* K-for-kangaroo.jpg in Resources */ = {isa = PBXBuildFile; fileRef = 1DFBF58E1FA85B3000F057A7 /* K-for-kangaroo.jpg */; };
		1DFBF5A81FA85B3000F057A7 /* L-for-lion.jpg in Resources */ = {isa = PBXBuildFile; fileRef = 1DFBF58F1FA85B3000F057A7 /* L-for-lion.jpg */; };
		1DFBF5A91FA85B3000F057A7 /* M-for-mango.jpg in Resources */ = {isa = PBXBuildFile; fileRef = 1DFBF5901FA85B3000F057A7 /* M-for-mango.jpg */; };
		1DFBF5AA1FA85B3000F057A7 /* N-for-nest.jpg in Resources */ = {isa = PBXBuildFile; fileRef = 1DFBF5911FA85B3000F057A7 /* N-for-nest.jpg */; };
		1DFBF5AB1FA85B3000F057A7 /* O-for-owl.jpg in Resources */ = {isa = PBXBuildFile; fileRef = 1DFBF5921FA85B3000F057A7 /* O-for-owl.jpg */; };
		1DFBF5AC1FA85B3000F057A7 /* P-for-parrot.jpg in Resources */ = {isa = PBXBuildFile; fileRef = 1DFBF5931FA85B3000F057A7 /* P-for-parrot.jpg */; };
		1DFBF5AD1FA85B3000F057A7 /* Q-for-quail.jpg in Resources */ = {isa = PBXBuildFile; fileRef = 1DFBF5941FA85B3000F057A7 /* Q-for-quail.jpg */; };
		1DFBF5AE1FA85B3000F057A7 /* R-for-rabbit.jpg in Resources */ = {isa = PBXBuildFile; fileRef = 1DFBF5951FA85B3000F057A7 /* R-for-rabbit.jpg */; };
		1DFBF5AF1FA85B3000F057A7 /* S-for-snake.jpg in Resources */ = {isa = PBXBuildFile; fileRef = 1DFBF5961FA85B3000F057A7 /* S-for-snake.jpg */; };
		1DFBF5B01FA85B3000F057A7 /* T-for-tiger.jpg in Resources */ = {isa = PBXBuildFile; fileRef = 1DFBF5971FA85B3000F057A7 /* T-for-tiger.jpg */; };
		1DFBF5B11FA85B3000F057A7 /* U-for-umbrella.jpg in Resources */ = {isa = PBXBuildFile; fileRef = 1DFBF5981FA85B3000F057A7 /* U-for-umbrella.jpg */; };
		1DFBF5B21FA85B3000F057A7 /* V-for-van.jpg in Resources */ = {isa = PBXBuildFile; fileRef = 1DFBF5991FA85B3000F057A7 /* V-for-van.jpg */; };
		1DFBF5B31FA85B3000F057A7 /* W-for-watch.jpg in Resources */ = {isa = PBXBuildFile; fileRef = 1DFBF59A1FA85B3000F057A7 /* W-for-watch.jpg */; };
		1DFBF5B41FA85B3000F057A7 /* X-for-xmas-tree.jpg in Resources */ = {isa = PBXBuildFile; fileRef = 1DFBF59B1FA85B3000F057A7 /* X-for-xmas-tree.jpg */; };
		1DFBF5B51FA85B3000F057A7 /* Y-for-yak.jpg in Resources */ = {isa = PBXBuildFile; fileRef = 1DFBF59C1FA85B3000F057A7 /* Y-for-yak.jpg */; };
		1DFBF5B61FA85B3000F057A7 /* Z-for-zebra.jpg in Resources */ = {isa = PBXBuildFile; fileRef = 1DFBF59D1FA85B3000F057A7 /* Z-for-zebra.jpg */; };
		1DFBF5B81FA8707300F057A7 /* iphone_6_original.mp3 in Resources */ = {isa = PBXBuildFile; fileRef = 1DFBF5B71FA8707300F057A7 /* iphone_6_original.mp3 */; };
/* End PBXBuildFile section */

/* Begin PBXContainerItemProxy section */
		1D80F7E71FA4875C00F899A4 /* PBXContainerItemProxy */ = {
			isa = PBXContainerItemProxy;
			containerPortal = 1D80F7CA1FA4875C00F899A4 /* Project object */;
			proxyType = 1;
			remoteGlobalIDString = 1D80F7D11FA4875C00F899A4;
			remoteInfo = mygame;
		};
		1D80F7F21FA4875C00F899A4 /* PBXContainerItemProxy */ = {
			isa = PBXContainerItemProxy;
			containerPortal = 1D80F7CA1FA4875C00F899A4 /* Project object */;
			proxyType = 1;
			remoteGlobalIDString = 1D80F7D11FA4875C00F899A4;
			remoteInfo = mygame;
		};
/* End PBXContainerItemProxy section */

/* Begin PBXFileReference section */
		1D80F7D21FA4875C00F899A4 /* mygame.app */ = {isa = PBXFileReference; explicitFileType = wrapper.application; includeInIndex = 0; path = mygame.app; sourceTree = BUILT_PRODUCTS_DIR; };
		1D80F7D51FA4875C00F899A4 /* AppDelegate.swift */ = {isa = PBXFileReference; lastKnownFileType = sourcecode.swift; path = AppDelegate.swift; sourceTree = "<group>"; };
		1D80F7D71FA4875C00F899A4 /* ViewController.swift */ = {isa = PBXFileReference; lastKnownFileType = sourcecode.swift; path = ViewController.swift; sourceTree = "<group>"; };
		1D80F7DA1FA4875C00F899A4 /* Base */ = {isa = PBXFileReference; lastKnownFileType = file.storyboard; name = Base; path = Base.lproj/Main.storyboard; sourceTree = "<group>"; };
		1D80F7DC1FA4875C00F899A4 /* Assets.xcassets */ = {isa = PBXFileReference; lastKnownFileType = folder.assetcatalog; path = Assets.xcassets; sourceTree = "<group>"; };
		1D80F7DF1FA4875C00F899A4 /* Base */ = {isa = PBXFileReference; lastKnownFileType = file.storyboard; name = Base; path = Base.lproj/LaunchScreen.storyboard; sourceTree = "<group>"; };
		1D80F7E11FA4875C00F899A4 /* Info.plist */ = {isa = PBXFileReference; lastKnownFileType = text.plist.xml; path = Info.plist; sourceTree = "<group>"; };
		1D80F7E61FA4875C00F899A4 /* mygameTests.xctest */ = {isa = PBXFileReference; explicitFileType = wrapper.cfbundle; includeInIndex = 0; path = mygameTests.xctest; sourceTree = BUILT_PRODUCTS_DIR; };
		1D80F7EA1FA4875C00F899A4 /* mygameTests.swift */ = {isa = PBXFileReference; lastKnownFileType = sourcecode.swift; path = mygameTests.swift; sourceTree = "<group>"; };
		1D80F7EC1FA4875C00F899A4 /* Info.plist */ = {isa = PBXFileReference; lastKnownFileType = text.plist.xml; path = Info.plist; sourceTree = "<group>"; };
		1D80F7F11FA4875C00F899A4 /* mygameUITests.xctest */ = {isa = PBXFileReference; explicitFileType = wrapper.cfbundle; includeInIndex = 0; path = mygameUITests.xctest; sourceTree = BUILT_PRODUCTS_DIR; };
		1D80F7F51FA4875C00F899A4 /* mygameUITests.swift */ = {isa = PBXFileReference; lastKnownFileType = sourcecode.swift; path = mygameUITests.swift; sourceTree = "<group>"; };
		1D80F7F71FA4875C00F899A4 /* Info.plist */ = {isa = PBXFileReference; lastKnownFileType = text.plist.xml; path = Info.plist; sourceTree = "<group>"; };
		1D80F8031FA487D700F899A4 /* background_final.png */ = {isa = PBXFileReference; lastKnownFileType = image.png; path = background_final.png; sourceTree = "<group>"; };
		1D80F8071FA491A200F899A4 /* buttion1.png */ = {isa = PBXFileReference; lastKnownFileType = image.png; path = buttion1.png; sourceTree = "<group>"; };
		1DEF019A1FA858C800B87B53 /* alphaViewController.swift */ = {isa = PBXFileReference; fileEncoding = 4; lastKnownFileType = sourcecode.swift; path = alphaViewController.swift; sourceTree = "<group>"; };
		1DF20E5C1FAB19E4007CA98D /* s.mp3 */ = {isa = PBXFileReference; lastKnownFileType = audio.mp3; path = s.mp3; sourceTree = "<group>"; };
		1DF20E5D1FAB19E4007CA98D /* t.mp3 */ = {isa = PBXFileReference; lastKnownFileType = audio.mp3; path = t.mp3; sourceTree = "<group>"; };
		1DF20E5E1FAB19E4007CA98D /* u.mp3 */ = {isa = PBXFileReference; lastKnownFileType = audio.mp3; path = u.mp3; sourceTree = "<group>"; };
		1DF20E5F1FAB19E4007CA98D /* m.mp3 */ = {isa = PBXFileReference; lastKnownFileType = audio.mp3; path = m.mp3; sourceTree = "<group>"; };
		1DF20E601FAB19E4007CA98D /* n.mp3 */ = {isa = PBXFileReference; lastKnownFileType = audio.mp3; path = n.mp3; sourceTree = "<group>"; };
		1DF20E611FAB19E4007CA98D /* o.mp3 */ = {isa = PBXFileReference; lastKnownFileType = audio.mp3; path = o.mp3; sourceTree = "<group>"; };
		1DF20E621FAB19E4007CA98D /* p.mp3 */ = {isa = PBXFileReference; lastKnownFileType = audio.mp3; path = p.mp3; sourceTree = "<group>"; };
		1DF20E631FAB19E4007CA98D /* v.mp3 */ = {isa = PBXFileReference; lastKnownFileType = audio.mp3; path = v.mp3; sourceTree = "<group>"; };
		1DF20E641FAB19E4007CA98D /* i.mp3 */ = {isa = PBXFileReference; lastKnownFileType = audio.mp3; path = i.mp3; sourceTree = "<group>"; };
		1DF20E651FAB19E4007CA98D /* j.mp3 */ = {isa = PBXFileReference; lastKnownFileType = audio.mp3; path = j.mp3; sourceTree = "<group>"; };
		1DF20E661FAB19E4007CA98D /* k.mp3 */ = {isa = PBXFileReference; lastKnownFileType = audio.mp3; path = k.mp3; sourceTree = "<group>"; };
		1DF20E671FAB19E4007CA98D /* l.mp3 */ = {isa = PBXFileReference; lastKnownFileType = audio.mp3; path = l.mp3; sourceTree = "<group>"; };
		1DF20E681FAB19E4007CA98D /* h.mp3 */ = {isa = PBXFileReference; lastKnownFileType = audio.mp3; path = h.mp3; sourceTree = "<group>"; };
		1DF20E691FAB19E4007CA98D /* q.mp3 */ = {isa = PBXFileReference; lastKnownFileType = audio.mp3; path = q.mp3; sourceTree = "<group>"; };
		1DF20E6A1FAB19E4007CA98D /* w.mp3 */ = {isa = PBXFileReference; lastKnownFileType = audio.mp3; path = w.mp3; sourceTree = "<group>"; };
		1DF20E6B1FAB19E4007CA98D /* c.mp3 */ = {isa = PBXFileReference; lastKnownFileType = audio.mp3; path = c.mp3; sourceTree = "<group>"; };
		1DF20E6C1FAB19E4007CA98D /* e.mp3 */ = {isa = PBXFileReference; lastKnownFileType = audio.mp3; path = e.mp3; sourceTree = "<group>"; };
		1DF20E6D1FAB19E4007CA98D /* f.mp3 */ = {isa = PBXFileReference; lastKnownFileType = audio.mp3; path = f.mp3; sourceTree = "<group>"; };
		1DF20E6E1FAB19E4007CA98D /* b.mp3 */ = {isa = PBXFileReference; lastKnownFileType = audio.mp3; path = b.mp3; sourceTree = "<group>"; };
		1DF20E6F1FAB19E4007CA98D /* d.mp3 */ = {isa = PBXFileReference; lastKnownFileType = audio.mp3; path = d.mp3; sourceTree = "<group>"; };
		1DF20E701FAB19E4007CA98D /* r.mp3 */ = {isa = PBXFileReference; lastKnownFileType = audio.mp3; path = r.mp3; sourceTree = "<group>"; };
		1DF20E711FAB19E4007CA98D /* x.mp3 */ = {isa = PBXFileReference; lastKnownFileType = audio.mp3; path = x.mp3; sourceTree = "<group>"; };
		1DF20E721FAB19E4007CA98D /* g.mp3 */ = {isa = PBXFileReference; lastKnownFileType = audio.mp3; path = g.mp3; sourceTree = "<group>"; };
		1DF20E731FAB19E4007CA98D /* y.mp3 */ = {isa = PBXFileReference; lastKnownFileType = audio.mp3; path = y.mp3; sourceTree = "<group>"; };
		1DF20E741FAB19E4007CA98D /* a.mp3 */ = {isa = PBXFileReference; lastKnownFileType = audio.mp3; path = a.mp3; sourceTree = "<group>"; };
		1DF20E8F1FAB3156007CA98D /* z.mp3 */ = {isa = PBXFileReference; lastKnownFileType = audio.mp3; path = z.mp3; sourceTree = "<group>"; };
		1DF20E911FAB3566007CA98D /* aaaa.png */ = {isa = PBXFileReference; lastKnownFileType = image.png; path = aaaa.png; sourceTree = "<group>"; };
		1DF20E931FAB3678007CA98D /* home-icon.png */ = {isa = PBXFileReference; lastKnownFileType = image.png; path = "home-icon.png"; sourceTree = "<group>"; };
		1DF20E951FAB43ED007CA98D /* alpha_try_f1.png */ = {isa = PBXFileReference; lastKnownFileType = image.png; path = alpha_try_f1.png; sourceTree = "<group>"; };
		1DF3DFD41FA720B0006B1AAE /* alphabet1.png */ = {isa = PBXFileReference; lastKnownFileType = image.png; path = alphabet1.png; sourceTree = "<group>"; };
		1DF3DFD61FA724EE006B1AAE /* spelling_final.png */ = {isa = PBXFileReference; lastKnownFileType = image.png; path = spelling_final.png; sourceTree = "<group>"; };
		1DF3DFD81FA726AE006B1AAE /* color_final.png */ = {isa = PBXFileReference; lastKnownFileType = image.png; path = color_final.png; sourceTree = "<group>"; };
		1DF3DFDA1FA72751006B1AAE /* rhymes_final.png */ = {isa = PBXFileReference; lastKnownFileType = image.png; path = rhymes_final.png; sourceTree = "<group>"; };
		1DF3DFDC1FA72A60006B1AAE /* play_final.png */ = {isa = PBXFileReference; lastKnownFileType = image.png; path = play_final.png; sourceTree = "<group>"; };
		1DF3DFDE1FA72BC2006B1AAE /* settibg_final.png */ = {isa = PBXFileReference; lastKnownFileType = image.png; path = settibg_final.png; sourceTree = "<group>"; };
		1DF3DFE01FA74111006B1AAE /* A-for-apple.jpg */ = {isa = PBXFileReference; lastKnownFileType = image.jpeg; path = "A-for-apple.jpg"; sourceTree = "<group>"; };
		1DFBF5851FA85B3000F057A7 /* B-for-ball.jpg */ = {isa = PBXFileReference; lastKnownFileType = image.jpeg; path = "B-for-ball.jpg"; sourceTree = "<group>"; };
		1DFBF5861FA85B3000F057A7 /* C-for-cat.jpg */ = {isa = PBXFileReference; lastKnownFileType = image.jpeg; path = "C-for-cat.jpg"; sourceTree = "<group>"; };
		1DFBF5871FA85B3000F057A7 /* D-for-doll.jpg */ = {isa = PBXFileReference; lastKnownFileType = image.jpeg; path = "D-for-doll.jpg"; sourceTree = "<group>"; };
		1DFBF5881FA85B3000F057A7 /* E-for-eagle.jpg */ = {isa = PBXFileReference; lastKnownFileType = image.jpeg; path = "E-for-eagle.jpg"; sourceTree = "<group>"; };
		1DFBF5891FA85B3000F057A7 /* F-for-fox.jpg */ = {isa = PBXFileReference; lastKnownFileType = image.jpeg; path = "F-for-fox.jpg"; sourceTree = "<group>"; };
		1DFBF58A1FA85B3000F057A7 /* G-for-goat.jpg */ = {isa = PBXFileReference; lastKnownFileType = image.jpeg; path = "G-for-goat.jpg"; sourceTree = "<group>"; };
		1DFBF58B1FA85B3000F057A7 /* H-for-horse.jpg */ = {isa = PBXFileReference; lastKnownFileType = image.jpeg; path = "H-for-horse.jpg"; sourceTree = "<group>"; };
		1DFBF58C1FA85B3000F057A7 /* I-for-ice-cream.jpg */ = {isa = PBXFileReference; lastKnownFileType = image.jpeg; path = "I-for-ice-cream.jpg"; sourceTree = "<group>"; };
		1DFBF58D1FA85B3000F057A7 /* J-for-jug.jpg */ = {isa = PBXFileReference; lastKnownFileType = image.jpeg; path = "J-for-jug.jpg"; sourceTree = "<group>"; };
		1DFBF58E1FA85B3000F057A7 /* K-for-kangaroo.jpg */ = {isa = PBXFileReference; lastKnownFileType = image.jpeg; path = "K-for-kangaroo.jpg"; sourceTree = "<group>"; };
		1DFBF58F1FA85B3000F057A7 /* L-for-lion.jpg */ = {isa = PBXFileReference; lastKnownFileType = image.jpeg; path = "L-for-lion.jpg"; sourceTree = "<group>"; };
		1DFBF5901FA85B3000F057A7 /* M-for-mango.jpg */ = {isa = PBXFileReference; lastKnownFileType = image.jpeg; path = "M-for-mango.jpg"; sourceTree = "<group>"; };
		1DFBF5911FA85B3000F057A7 /* N-for-nest.jpg */ = {isa = PBXFileReference; lastKnownFileType = image.jpeg; path = "N-for-nest.jpg"; sourceTree = "<group>"; };
		1DFBF5921FA85B3000F057A7 /* O-for-owl.jpg */ = {isa = PBXFileReference; lastKnownFileType = image.jpeg; path = "O-for-owl.jpg"; sourceTree = "<group>"; };
		1DFBF5931FA85B3000F057A7 /* P-for-parrot.jpg */ = {isa = PBXFileReference; lastKnownFileType = image.jpeg; path = "P-for-parrot.jpg"; sourceTree = "<group>"; };
		1DFBF5941FA85B3000F057A7 /* Q-for-quail.jpg */ = {isa = PBXFileReference; lastKnownFileType = image.jpeg; path = "Q-for-quail.jpg"; sourceTree = "<group>"; };
		1DFBF5951FA85B3000F057A7 /* R-for-rabbit.jpg */ = {isa = PBXFileReference; lastKnownFileType = image.jpeg; path = "R-for-rabbit.jpg"; sourceTree = "<group>"; };
		1DFBF5961FA85B3000F057A7 /* S-for-snake.jpg */ = {isa = PBXFileReference; lastKnownFileType = image.jpeg; path = "S-for-snake.jpg"; sourceTree = "<group>"; };
		1DFBF5971FA85B3000F057A7 /* T-for-tiger.jpg */ = {isa = PBXFileReference; lastKnownFileType = image.jpeg; path = "T-for-tiger.jpg"; sourceTree = "<group>"; };
		1DFBF5981FA85B3000F057A7 /* U-for-umbrella.jpg */ = {isa = PBXFileReference; lastKnownFileType = image.jpeg; path = "U-for-umbrella.jpg"; sourceTree = "<group>"; };
		1DFBF5991FA85B3000F057A7 /* V-for-van.jpg */ = {isa = PBXFileReference; lastKnownFileType = image.jpeg; path = "V-for-van.jpg"; sourceTree = "<group>"; };
		1DFBF59A1FA85B3000F057A7 /* W-for-watch.jpg */ = {isa = PBXFileReference; lastKnownFileType = image.jpeg; path = "W-for-watch.jpg"; sourceTree = "<group>"; };
		1DFBF59B1FA85B3000F057A7 /* X-for-xmas-tree.jpg */ = {isa = PBXFileReference; lastKnownFileType = image.jpeg; path = "X-for-xmas-tree.jpg"; sourceTree = "<group>"; };
		1DFBF59C1FA85B3000F057A7 /* Y-for-yak.jpg */ = {isa = PBXFileReference; lastKnownFileType = image.jpeg; path = "Y-for-yak.jpg"; sourceTree = "<group>"; };
		1DFBF59D1FA85B3000F057A7 /* Z-for-zebra.jpg */ = {isa = PBXFileReference; lastKnownFileType = image.jpeg; path = "Z-for-zebra.jpg"; sourceTree = "<group>"; };
		1DFBF5B71FA8707300F057A7 /* iphone_6_original.mp3 */ = {isa = PBXFileReference; lastKnownFileType = audio.mp3; name = iphone_6_original.mp3; path = mygame/iphone_6_original.mp3; sourceTree = "<group>"; };
/* End PBXFileReference section */

/* Begin PBXFrameworksBuildPhase section */
		1D80F7CF1FA4875C00F899A4 /* Frameworks */ = {
			isa = PBXFrameworksBuildPhase;
			buildActionMask = 2147483647;
			files = (
			);
			runOnlyForDeploymentPostprocessing = 0;
		};
		1D80F7E31FA4875C00F899A4 /* Frameworks */ = {
			isa = PBXFrameworksBuildPhase;
			buildActionMask = 2147483647;
			files = (
			);
			runOnlyForDeploymentPostprocessing = 0;
		};
		1D80F7EE1FA4875C00F899A4 /* Frameworks */ = {
			isa = PBXFrameworksBuildPhase;
			buildActionMask = 2147483647;
			files = (
			);
			runOnlyForDeploymentPostprocessing = 0;
		};
/* End PBXFrameworksBuildPhase section */

/* Begin PBXGroup section */
		1D80F7C91FA4875C00F899A4 = {
			isa = PBXGroup;
			children = (
				1DEF019A1FA858C800B87B53 /* alphaViewController.swift */,
				1DFBF5B71FA8707300F057A7 /* iphone_6_original.mp3 */,
				1D80F7D41FA4875C00F899A4 /* mygame */,
				1D80F7E91FA4875C00F899A4 /* mygameTests */,
				1D80F7F41FA4875C00F899A4 /* mygameUITests */,
				1D80F7D31FA4875C00F899A4 /* Products */,
			);
			sourceTree = "<group>";
		};
		1D80F7D31FA4875C00F899A4 /* Products */ = {
			isa = PBXGroup;
			children = (
				1D80F7D21FA4875C00F899A4 /* mygame.app */,
				1D80F7E61FA4875C00F899A4 /* mygameTests.xctest */,
				1D80F7F11FA4875C00F899A4 /* mygameUITests.xctest */,
			);
			name = Products;
			sourceTree = "<group>";
		};
		1D80F7D41FA4875C00F899A4 /* mygame */ = {
			isa = PBXGroup;
			children = (
				1D80F7D51FA4875C00F899A4 /* AppDelegate.swift */,
				1D80F7D71FA4875C00F899A4 /* ViewController.swift */,
				1D80F7D91FA4875C00F899A4 /* Main.storyboard */,
				1DF20E931FAB3678007CA98D /* home-icon.png */,
				1DF20E951FAB43ED007CA98D /* alpha_try_f1.png */,
				1D80F8031FA487D700F899A4 /* background_final.png */,
				1DF20E911FAB3566007CA98D /* aaaa.png */,
				1DF3DFD81FA726AE006B1AAE /* color_final.png */,
				1DF20E8F1FAB3156007CA98D /* z.mp3 */,
				1DF20E5C1FAB19E4007CA98D /* s.mp3 */,
				1DF20E5D1FAB19E4007CA98D /* t.mp3 */,
				1DF20E5E1FAB19E4007CA98D /* u.mp3 */,
				1DF20E5F1FAB19E4007CA98D /* m.mp3 */,
				1DF20E601FAB19E4007CA98D /* n.mp3 */,
				1DF20E611FAB19E4007CA98D /* o.mp3 */,
				1DF20E621FAB19E4007CA98D /* p.mp3 */,
				1DF20E631FAB19E4007CA98D /* v.mp3 */,
				1DF20E641FAB19E4007CA98D /* i.mp3 */,
				1DF20E651FAB19E4007CA98D /* j.mp3 */,
				1DF20E661FAB19E4007CA98D /* k.mp3 */,
				1DF20E671FAB19E4007CA98D /* l.mp3 */,
				1DF20E681FAB19E4007CA98D /* h.mp3 */,
				1DF20E691FAB19E4007CA98D /* q.mp3 */,
				1DF20E6A1FAB19E4007CA98D /* w.mp3 */,
				1DF20E6B1FAB19E4007CA98D /* c.mp3 */,
				1DF20E6C1FAB19E4007CA98D /* e.mp3 */,
				1DF20E6D1FAB19E4007CA98D /* f.mp3 */,
				1DF20E6E1FAB19E4007CA98D /* b.mp3 */,
				1DF20E6F1FAB19E4007CA98D /* d.mp3 */,
				1DF20E701FAB19E4007CA98D /* r.mp3 */,
				1DF20E711FAB19E4007CA98D /* x.mp3 */,
				1DF20E721FAB19E4007CA98D /* g.mp3 */,
				1DF20E731FAB19E4007CA98D /* y.mp3 */,
				1DF20E741FAB19E4007CA98D /* a.mp3 */,
				1DF3DFE01FA74111006B1AAE /* A-for-apple.jpg */,
				1DFBF5851FA85B3000F057A7 /* B-for-ball.jpg */,
				1DFBF5861FA85B3000F057A7 /* C-for-cat.jpg */,
				1DFBF5871FA85B3000F057A7 /* D-for-doll.jpg */,
				1DFBF5881FA85B3000F057A7 /* E-for-eagle.jpg */,
				1DFBF5891FA85B3000F057A7 /* F-for-fox.jpg */,
				1DFBF58A1FA85B3000F057A7 /* G-for-goat.jpg */,
				1DFBF58B1FA85B3000F057A7 /* H-for-horse.jpg */,
				1DFBF58C1FA85B3000F057A7 /* I-for-ice-cream.jpg */,
				1DFBF58D1FA85B3000F057A7 /* J-for-jug.jpg */,
				1DFBF58E1FA85B3000F057A7 /* K-for-kangaroo.jpg */,
				1DFBF58F1FA85B3000F057A7 /* L-for-lion.jpg */,
				1DFBF5901FA85B3000F057A7 /* M-for-mango.jpg */,
				1DFBF5911FA85B3000F057A7 /* N-for-nest.jpg */,
				1DFBF5921FA85B3000F057A7 /* O-for-owl.jpg */,
				1DFBF5931FA85B3000F057A7 /* P-for-parrot.jpg */,
				1DFBF5941FA85B3000F057A7 /* Q-for-quail.jpg */,
				1DFBF5951FA85B3000F057A7 /* R-for-rabbit.jpg */,
				1DFBF5961FA85B3000F057A7 /* S-for-snake.jpg */,
				1DFBF5971FA85B3000F057A7 /* T-for-tiger.jpg */,
				1DFBF5981FA85B3000F057A7 /* U-for-umbrella.jpg */,
				1DFBF5991FA85B3000F057A7 /* V-for-van.jpg */,
				1DFBF59A1FA85B3000F057A7 /* W-for-watch.jpg */,
				1DFBF59B1FA85B3000F057A7 /* X-for-xmas-tree.jpg */,
				1DFBF59C1FA85B3000F057A7 /* Y-for-yak.jpg */,
				1DFBF59D1FA85B3000F057A7 /* Z-for-zebra.jpg */,
				1DF3DFDE1FA72BC2006B1AAE /* settibg_final.png */,
				1DF3DFD61FA724EE006B1AAE /* spelling_final.png */,
				1DF3DFDC1FA72A60006B1AAE /* play_final.png */,
				1DF3DFDA1FA72751006B1AAE /* rhymes_final.png */,
				1DF3DFD41FA720B0006B1AAE /* alphabet1.png */,
				1D80F8071FA491A200F899A4 /* buttion1.png */,
				1D80F7DC1FA4875C00F899A4 /* Assets.xcassets */,
				1D80F7DE1FA4875C00F899A4 /* LaunchScreen.storyboard */,
				1D80F7E11FA4875C00F899A4 /* Info.plist */,
			);
			path = mygame;
			sourceTree = "<group>";
		};
		1D80F7E91FA4875C00F899A4 /* mygameTests */ = {
			isa = PBXGroup;
			children = (
				1D80F7EA1FA4875C00F899A4 /* mygameTests.swift */,
				1D80F7EC1FA4875C00F899A4 /* Info.plist */,
			);
			path = mygameTests;
			sourceTree = "<group>";
		};
		1D80F7F41FA4875C00F899A4 /* mygameUITests */ = {
			isa = PBXGroup;
			children = (
				1D80F7F51FA4875C00F899A4 /* mygameUITests.swift */,
				1D80F7F71FA4875C00F899A4 /* Info.plist */,
			);
			path = mygameUITests;
			sourceTree = "<group>";
		};
/* End PBXGroup section */

/* Begin PBXNativeTarget section */
		1D80F7D11FA4875C00F899A4 /* mygame */ = {
			isa = PBXNativeTarget;
			buildConfigurationList = 1D80F7FA1FA4875C00F899A4 /* Build configuration list for PBXNativeTarget "mygame" */;
			buildPhases = (
				1D80F7CE1FA4875C00F899A4 /* Sources */,
				1D80F7CF1FA4875C00F899A4 /* Frameworks */,
				1D80F7D01FA4875C00F899A4 /* Resources */,
			);
			buildRules = (
			);
			dependencies = (
			);
			name = mygame;
			productName = mygame;
			productReference = 1D80F7D21FA4875C00F899A4 /* mygame.app */;
			productType = "com.apple.product-type.application";
		};
		1D80F7E51FA4875C00F899A4 /* mygameTests */ = {
			isa = PBXNativeTarget;
			buildConfigurationList = 1D80F7FD1FA4875C00F899A4 /* Build configuration list for PBXNativeTarget "mygameTests" */;
			buildPhases = (
				1D80F7E21FA4875C00F899A4 /* Sources */,
				1D80F7E31FA4875C00F899A4 /* Frameworks */,
				1D80F7E41FA4875C00F899A4 /* Resources */,
			);
			buildRules = (
			);
			dependencies = (
				1D80F7E81FA4875C00F899A4 /* PBXTargetDependency */,
			);
			name = mygameTests;
			productName = mygameTests;
			productReference = 1D80F7E61FA4875C00F899A4 /* mygameTests.xctest */;
			productType = "com.apple.product-type.bundle.unit-test";
		};
		1D80F7F01FA4875C00F899A4 /* mygameUITests */ = {
			isa = PBXNativeTarget;
			buildConfigurationList = 1D80F8001FA4875C00F899A4 /* Build configuration list for PBXNativeTarget "mygameUITests" */;
			buildPhases = (
				1D80F7ED1FA4875C00F899A4 /* Sources */,
				1D80F7EE1FA4875C00F899A4 /* Frameworks */,
				1D80F7EF1FA4875C00F899A4 /* Resources */,
			);
			buildRules = (
			);
			dependencies = (
				1D80F7F31FA4875C00F899A4 /* PBXTargetDependency */,
			);
			name = mygameUITests;
			productName = mygameUITests;
			productReference = 1D80F7F11FA4875C00F899A4 /* mygameUITests.xctest */;
			productType = "com.apple.product-type.bundle.ui-testing";
		};
/* End PBXNativeTarget section */

/* Begin PBXProject section */
		1D80F7CA1FA4875C00F899A4 /* Project object */ = {
			isa = PBXProject;
			attributes = {
				LastSwiftUpdateCheck = 0830;
				LastUpgradeCheck = 0830;
				ORGANIZATIONNAME = "Cronabit 1";
				TargetAttributes = {
					1D80F7D11FA4875C00F899A4 = {
						CreatedOnToolsVersion = 8.3.3;
						DevelopmentTeam = 999SP6A3DA;
						ProvisioningStyle = Automatic;
					};
					1D80F7E51FA4875C00F899A4 = {
						CreatedOnToolsVersion = 8.3.3;
						DevelopmentTeam = 999SP6A3DA;
						ProvisioningStyle = Automatic;
						TestTargetID = 1D80F7D11FA4875C00F899A4;
					};
					1D80F7F01FA4875C00F899A4 = {
						CreatedOnToolsVersion = 8.3.3;
						DevelopmentTeam = 999SP6A3DA;
						ProvisioningStyle = Automatic;
						TestTargetID = 1D80F7D11FA4875C00F899A4;
					};
				};
			};
			buildConfigurationList = 1D80F7CD1FA4875C00F899A4 /* Build configuration list for PBXProject "mygame" */;
			compatibilityVersion = "Xcode 3.2";
			developmentRegion = English;
			hasScannedForEncodings = 0;
			knownRegions = (
				en,
				Base,
			);
			mainGroup = 1D80F7C91FA4875C00F899A4;
			productRefGroup = 1D80F7D31FA4875C00F899A4 /* Products */;
			projectDirPath = "";
			projectRoot = "";
			targets = (
				1D80F7D11FA4875C00F899A4 /* mygame */,
				1D80F7E51FA4875C00F899A4 /* mygameTests */,
				1D80F7F01FA4875C00F899A4 /* mygameUITests */,
			);
		};
/* End PBXProject section */

/* Begin PBXResourcesBuildPhase section */
		1D80F7D01FA4875C00F899A4 /* Resources */ = {
			isa = PBXResourcesBuildPhase;
			buildActionMask = 2147483647;
			files = (
				1DF3DFD51FA720B0006B1AAE /* alphabet1.png in Resources */,
				1DF20E7C1FAB19E4007CA98D /* p.mp3 in Resources */,
				1DF3DFDF1FA72BC2006B1AAE /* settibg_final.png in Resources */,
				1DFBF5A11FA85B3000F057A7 /* E-for-eagle.jpg in Resources */,
				1DFBF5AE1FA85B3000F057A7 /* R-for-rabbit.jpg in Resources */,
				1DFBF5AF1FA85B3000F057A7 /* S-for-snake.jpg in Resources */,
				1DFBF59E1FA85B3000F057A7 /* B-for-ball.jpg in Resources */,
				1DFBF5A81FA85B3000F057A7 /* L-for-lion.jpg in Resources */,
				1D80F8041FA487D700F899A4 /* background_final.png in Resources */,
				1DF20E8A1FAB19E4007CA98D /* r.mp3 in Resources */,
				1DFBF5A21FA85B3000F057A7 /* F-for-fox.jpg in Resources */,
				1DF3DFD91FA726AE006B1AAE /* color_final.png in Resources */,
				1DFBF5B61FA85B3000F057A7 /* Z-for-zebra.jpg in Resources */,
				1DF20E7F1FAB19E4007CA98D /* j.mp3 in Resources */,
				1DF20E7E1FAB19E4007CA98D /* i.mp3 in Resources */,
				1DF20E771FAB19E4007CA98D /* t.mp3 in Resources */,
				1DFBF5AC1FA85B3000F057A7 /* P-for-parrot.jpg in Resources */,
				1DFBF5B11FA85B3000F057A7 /* U-for-umbrella.jpg in Resources */,
				1DFBF5AA1FA85B3000F057A7 /* N-for-nest.jpg in Resources */,
				1DF20E941FAB3678007CA98D /* home-icon.png in Resources */,
				1DF20E811FAB19E4007CA98D /* l.mp3 in Resources */,
				1DF20E8B1FAB19E4007CA98D /* x.mp3 in Resources */,
				1DF20E821FAB19E4007CA98D /* h.mp3 in Resources */,
				1DF3DFDB1FA72751006B1AAE /* rhymes_final.png in Resources */,
				1DF20E871FAB19E4007CA98D /* f.mp3 in Resources */,
				1DF20E8C1FAB19E4007CA98D /* g.mp3 in Resources */,
				1DFBF5A01FA85B3000F057A7 /* D-for-doll.jpg in Resources */,
				1DF3DFDD1FA72A60006B1AAE /* play_final.png in Resources */,
				1DFBF5B01FA85B3000F057A7 /* T-for-tiger.jpg in Resources */,
				1DF20E841FAB19E4007CA98D /* w.mp3 in Resources */,
				1DF20E901FAB3156007CA98D /* z.mp3 in Resources */,
				1D80F7E01FA4875C00F899A4 /* LaunchScreen.storyboard in Resources */,
				1DFBF5B41FA85B3000F057A7 /* X-for-xmas-tree.jpg in Resources */,
				1DFBF5B21FA85B3000F057A7 /* V-for-van.jpg in Resources */,
				1DFBF5B31FA85B3000F057A7 /* W-for-watch.jpg in Resources */,
				1DF20E761FAB19E4007CA98D /* s.mp3 in Resources */,
				1DF20E881FAB19E4007CA98D /* b.mp3 in Resources */,
				1DF20E781FAB19E4007CA98D /* u.mp3 in Resources */,
				1DF20E8E1FAB19E4007CA98D /* a.mp3 in Resources */,
				1DF20E8D1FAB19E4007CA98D /* y.mp3 in Resources */,
				1D80F8081FA491A200F899A4 /* buttion1.png in Resources */,
				1DF20E861FAB19E4007CA98D /* e.mp3 in Resources */,
				1D80F7DD1FA4875C00F899A4 /* Assets.xcassets in Resources */,
				1DFBF5B51FA85B3000F057A7 /* Y-for-yak.jpg in Resources */,
				1DFBF5B81FA8707300F057A7 /* iphone_6_original.mp3 in Resources */,
				1DFBF5AD1FA85B3000F057A7 /* Q-for-quail.jpg in Resources */,
				1DF20E7B1FAB19E4007CA98D /* o.mp3 in Resources */,
				1DFBF5A91FA85B3000F057A7 /* M-for-mango.jpg in Resources */,
				1DFBF5A41FA85B3000F057A7 /* H-for-horse.jpg in Resources */,
				1DF20E891FAB19E4007CA98D /* d.mp3 in Resources */,
				1DF20E791FAB19E4007CA98D /* m.mp3 in Resources */,
				1DF20E7A1FAB19E4007CA98D /* n.mp3 in Resources */,
				1DF20E801FAB19E4007CA98D /* k.mp3 in Resources */,
				1DFBF5A51FA85B3000F057A7 /* I-for-ice-cream.jpg in Resources */,
				1DF20E831FAB19E4007CA98D /* q.mp3 in Resources */,
				1DF20E961FAB43ED007CA98D /* alpha_try_f1.png in Resources */,
				1DF20E851FAB19E4007CA98D /* c.mp3 in Resources */,
				1DFBF5AB1FA85B3000F057A7 /* O-for-owl.jpg in Resources */,
				1DF20E921FAB3566007CA98D /* aaaa.png in Resources */,
				1DF3DFD71FA724EE006B1AAE /* spelling_final.png in Resources */,
				1DF3DFE11FA74111006B1AAE /* A-for-apple.jpg in Resources */,
				1DFBF5A71FA85B3000F057A7 /* K-for-kangaroo.jpg in Resources */,
				1DF20E7D1FAB19E4007CA98D /* v.mp3 in Resources */,
				1DFBF59F1FA85B3000F057A7 /* C-for-cat.jpg in Resources */,
				1DFBF5A31FA85B3000F057A7 /* G-for-goat.jpg in Resources */,
				1DFBF5A61FA85B3000F057A7 /* J-for-jug.jpg in Resources */,
				1D80F7DB1FA4875C00F899A4 /* Main.storyboard in Resources */,
			);
			runOnlyForDeploymentPostprocessing = 0;
		};
		1D80F7E41FA4875C00F899A4 /* Resources */ = {
			isa = PBXResourcesBuildPhase;
			buildActionMask = 2147483647;
			files = (
			);
			runOnlyForDeploymentPostprocessing = 0;
		};
		1D80F7EF1FA4875C00F899A4 /* Resources */ = {
			isa = PBXResourcesBuildPhase;
			buildActionMask = 2147483647;
			files = (
			);
			runOnlyForDeploymentPostprocessing = 0;
		};
/* End PBXResourcesBuildPhase section */

/* Begin PBXSourcesBuildPhase section */
		1D80F7CE1FA4875C00F899A4 /* Sources */ = {
			isa = PBXSourcesBuildPhase;
			buildActionMask = 2147483647;
			files = (
				1D80F7D81FA4875C00F899A4 /* ViewController.swift in Sources */,
				1D80F7D61FA4875C00F899A4 /* AppDelegate.swift in Sources */,
				1DEF019B1FA858C800B87B53 /* alphaViewController.swift in Sources */,
			);
			runOnlyForDeploymentPostprocessing = 0;
		};
		1D80F7E21FA4875C00F899A4 /* Sources */ = {
			isa = PBXSourcesBuildPhase;
			buildActionMask = 2147483647;
			files = (
				1D80F7EB1FA4875C00F899A4 /* mygameTests.swift in Sources */,
			);
			runOnlyForDeploymentPostprocessing = 0;
		};
		1D80F7ED1FA4875C00F899A4 /* Sources */ = {
			isa = PBXSourcesBuildPhase;
			buildActionMask = 2147483647;
			files = (
				1D80F7F61FA4875C00F899A4 /* mygameUITests.swift in Sources */,
			);
			runOnlyForDeploymentPostprocessing = 0;
		};
/* End PBXSourcesBuildPhase section */

/* Begin PBXTargetDependency section */
		1D80F7E81FA4875C00F899A4 /* PBXTargetDependency */ = {
			isa = PBXTargetDependency;
			target = 1D80F7D11FA4875C00F899A4 /* mygame */;
			targetProxy = 1D80F7E71FA4875C00F899A4 /* PBXContainerItemProxy */;
		};
		1D80F7F31FA4875C00F899A4 /* PBXTargetDependency */ = {
			isa = PBXTargetDependency;
			target = 1D80F7D11FA4875C00F899A4 /* mygame */;
			targetProxy = 1D80F7F21FA4875C00F899A4 /* PBXContainerItemProxy */;
		};
/* End PBXTargetDependency section */

/* Begin PBXVariantGroup section */
		1D80F7D91FA4875C00F899A4 /* Main.storyboard */ = {
			isa = PBXVariantGroup;
			children = (
				1D80F7DA1FA4875C00F899A4 /* Base */,
			);
			name = Main.storyboard;
			sourceTree = "<group>";
		};
		1D80F7DE1FA4875C00F899A4 /* LaunchScreen.storyboard */ = {
			isa = PBXVariantGroup;
			children = (
				1D80F7DF1FA4875C00F899A4 /* Base */,
			);
			name = LaunchScreen.storyboard;
			sourceTree = "<group>";
		};
/* End PBXVariantGroup section */

/* Begin XCBuildConfiguration section */
		1D80F7F81FA4875C00F899A4 /* Debug */ = {
			isa = XCBuildConfiguration;
			buildSettings = {
				ALWAYS_SEARCH_USER_PATHS = NO;
				CLANG_ANALYZER_NONNULL = YES;
				CLANG_ANALYZER_NUMBER_OBJECT_CONVERSION = YES_AGGRESSIVE;
				CLANG_CXX_LANGUAGE_STANDARD = "gnu++0x";
				CLANG_CXX_LIBRARY = "libc++";
				CLANG_ENABLE_MODULES = YES;
				CLANG_ENABLE_OBJC_ARC = YES;
				CLANG_WARN_BOOL_CONVERSION = YES;
				CLANG_WARN_CONSTANT_CONVERSION = YES;
				CLANG_WARN_DIRECT_OBJC_ISA_USAGE = YES_ERROR;
				CLANG_WARN_DOCUMENTATION_COMMENTS = YES;
				CLANG_WARN_EMPTY_BODY = YES;
				CLANG_WARN_ENUM_CONVERSION = YES;
				CLANG_WARN_INFINITE_RECURSION = YES;
				CLANG_WARN_INT_CONVERSION = YES;
				CLANG_WARN_OBJC_ROOT_CLASS = YES_ERROR;
				CLANG_WARN_SUSPICIOUS_MOVE = YES;
				CLANG_WARN_UNREACHABLE_CODE = YES;
				CLANG_WARN__DUPLICATE_METHOD_MATCH = YES;
				"CODE_SIGN_IDENTITY[sdk=iphoneos*]" = "iPhone Developer";
				COPY_PHASE_STRIP = NO;
				DEBUG_INFORMATION_FORMAT = dwarf;
				ENABLE_STRICT_OBJC_MSGSEND = YES;
				ENABLE_TESTABILITY = YES;
				GCC_C_LANGUAGE_STANDARD = gnu99;
				GCC_DYNAMIC_NO_PIC = NO;
				GCC_NO_COMMON_BLOCKS = YES;
				GCC_OPTIMIZATION_LEVEL = 0;
				GCC_PREPROCESSOR_DEFINITIONS = (
					"DEBUG=1",
					"$(inherited)",
				);
				GCC_WARN_64_TO_32_BIT_CONVERSION = YES;
				GCC_WARN_ABOUT_RETURN_TYPE = YES_ERROR;
				GCC_WARN_UNDECLARED_SELECTOR = YES;
				GCC_WARN_UNINITIALIZED_AUTOS = YES_AGGRESSIVE;
				GCC_WARN_UNUSED_FUNCTION = YES;
				GCC_WARN_UNUSED_VARIABLE = YES;
				IPHONEOS_DEPLOYMENT_TARGET = 10.3;
				MTL_ENABLE_DEBUG_INFO = YES;
				ONLY_ACTIVE_ARCH = YES;
				SDKROOT = iphoneos;
				SWIFT_ACTIVE_COMPILATION_CONDITIONS = DEBUG;
				SWIFT_OPTIMIZATION_LEVEL = "-Onone";
				TARGETED_DEVICE_FAMILY = "1,2";
			};
			name = Debug;
		};
		1D80F7F91FA4875C00F899A4 /* Release */ = {
			isa = XCBuildConfiguration;
			buildSettings = {
				ALWAYS_SEARCH_USER_PATHS = NO;
				CLANG_ANALYZER_NONNULL = YES;
				CLANG_ANALYZER_NUMBER_OBJECT_CONVERSION = YES_AGGRESSIVE;
				CLANG_CXX_LANGUAGE_STANDARD = "gnu++0x";
				CLANG_CXX_LIBRARY = "libc++";
				CLANG_ENABLE_MODULES = YES;
				CLANG_ENABLE_OBJC_ARC = YES;
				CLANG_WARN_BOOL_CONVERSION = YES;
				CLANG_WARN_CONSTANT_CONVERSION = YES;
				CLANG_WARN_DIRECT_OBJC_ISA_USAGE = YES_ERROR;
				CLANG_WARN_DOCUMENTATION_COMMENTS = YES;
				CLANG_WARN_EMPTY_BODY = YES;
				CLANG_WARN_ENUM_CONVERSION = YES;
				CLANG_WARN_INFINITE_RECURSION = YES;
				CLANG_WARN_INT_CONVERSION = YES;
				CLANG_WARN_OBJC_ROOT_CLASS = YES_ERROR;
				CLANG_WARN_SUSPICIOUS_MOVE = YES;
				CLANG_WARN_UNREACHABLE_CODE = YES;
				CLANG_WARN__DUPLICATE_METHOD_MATCH = YES;
				"CODE_SIGN_IDENTITY[sdk=iphoneos*]" = "iPhone Developer";
				COPY_PHASE_STRIP = NO;
				DEBUG_INFORMATION_FORMAT = "dwarf-with-dsym";
				ENABLE_NS_ASSERTIONS = NO;
				ENABLE_STRICT_OBJC_MSGSEND = YES;
				GCC_C_LANGUAGE_STANDARD = gnu99;
				GCC_NO_COMMON_BLOCKS = YES;
				GCC_WARN_64_TO_32_BIT_CONVERSION = YES;
				GCC_WARN_ABOUT_RETURN_TYPE = YES_ERROR;
				GCC_WARN_UNDECLARED_SELECTOR = YES;
				GCC_WARN_UNINITIALIZED_AUTOS = YES_AGGRESSIVE;
				GCC_WARN_UNUSED_FUNCTION = YES;
				GCC_WARN_UNUSED_VARIABLE = YES;
				IPHONEOS_DEPLOYMENT_TARGET = 10.3;
				MTL_ENABLE_DEBUG_INFO = NO;
				SDKROOT = iphoneos;
				SWIFT_OPTIMIZATION_LEVEL = "-Owholemodule";
				TARGETED_DEVICE_FAMILY = "1,2";
				VALIDATE_PRODUCT = YES;
			};
			name = Release;
		};
		1D80F7FB1FA4875C00F899A4 /* Debug */ = {
			isa = XCBuildConfiguration;
			buildSettings = {
				ASSETCATALOG_COMPILER_APPICON_NAME = AppIcon;
				DEVELOPMENT_TEAM = 999SP6A3DA;
				INFOPLIST_FILE = mygame/Info.plist;
				IPHONEOS_DEPLOYMENT_TARGET = 9.3;
				LD_RUNPATH_SEARCH_PATHS = "$(inherited) @executable_path/Frameworks";
				PRODUCT_BUNDLE_IDENTIFIER = "Cronabit-1.BloodLocator";
				PRODUCT_NAME = "$(TARGET_NAME)";
				SWIFT_VERSION = 3.0;
			};
			name = Debug;
		};
		1D80F7FC1FA4875C00F899A4 /* Release */ = {
			isa = XCBuildConfiguration;
			buildSettings = {
				ASSETCATALOG_COMPILER_APPICON_NAME = AppIcon;
				DEVELOPMENT_TEAM = 999SP6A3DA;
				INFOPLIST_FILE = mygame/Info.plist;
				IPHONEOS_DEPLOYMENT_TARGET = 9.3;
				LD_RUNPATH_SEARCH_PATHS = "$(inherited) @executable_path/Frameworks";
				PRODUCT_BUNDLE_IDENTIFIER = "Cronabit-1.BloodLocator";
				PRODUCT_NAME = "$(TARGET_NAME)";
				SWIFT_VERSION = 3.0;
			};
			name = Release;
		};
		1D80F7FE1FA4875C00F899A4 /* Debug */ = {
			isa = XCBuildConfiguration;
			buildSettings = {
				ALWAYS_EMBED_SWIFT_STANDARD_LIBRARIES = YES;
				BUNDLE_LOADER = "$(TEST_HOST)";
				DEVELOPMENT_TEAM = 999SP6A3DA;
				INFOPLIST_FILE = mygameTests/Info.plist;
				LD_RUNPATH_SEARCH_PATHS = "$(inherited) @executable_path/Frameworks @loader_path/Frameworks";
				PRODUCT_BUNDLE_IDENTIFIER = "Cronabit-1.mygameTests";
				PRODUCT_NAME = "$(TARGET_NAME)";
				SWIFT_VERSION = 3.0;
				TEST_HOST = "$(BUILT_PRODUCTS_DIR)/mygame.app/mygame";
			};
			name = Debug;
		};
		1D80F7FF1FA4875C00F899A4 /* Release */ = {
			isa = XCBuildConfiguration;
			buildSettings = {
				ALWAYS_EMBED_SWIFT_STANDARD_LIBRARIES = YES;
				BUNDLE_LOADER = "$(TEST_HOST)";
				DEVELOPMENT_TEAM = 999SP6A3DA;
				INFOPLIST_FILE = mygameTests/Info.plist;
				LD_RUNPATH_SEARCH_PATHS = "$(inherited) @executable_path/Frameworks @loader_path/Frameworks";
				PRODUCT_BUNDLE_IDENTIFIER = "Cronabit-1.mygameTests";
				PRODUCT_NAME = "$(TARGET_NAME)";
				SWIFT_VERSION = 3.0;
				TEST_HOST = "$(BUILT_PRODUCTS_DIR)/mygame.app/mygame";
			};
			name = Release;
		};
		1D80F8011FA4875C00F899A4 /* Debug */ = {
			isa = XCBuildConfiguration;
			buildSettings = {
				ALWAYS_EMBED_SWIFT_STANDARD_LIBRARIES = YES;
				DEVELOPMENT_TEAM = 999SP6A3DA;
				INFOPLIST_FILE = mygameUITests/Info.plist;
				LD_RUNPATH_SEARCH_PATHS = "$(inherited) @executable_path/Frameworks @loader_path/Frameworks";
				PRODUCT_BUNDLE_IDENTIFIER = "Cronabit-1.mygameUITests";
				PRODUCT_NAME = "$(TARGET_NAME)";
				SWIFT_VERSION = 3.0;
				TEST_TARGET_NAME = mygame;
			};
			name = Debug;
		};
		1D80F8021FA4875C00F899A4 /* Release */ = {
			isa = XCBuildConfiguration;
			buildSettings = {
				ALWAYS_EMBED_SWIFT_STANDARD_LIBRARIES = YES;
				DEVELOPMENT_TEAM = 999SP6A3DA;
				INFOPLIST_FILE = mygameUITests/Info.plist;
				LD_RUNPATH_SEARCH_PATHS = "$(inherited) @executable_path/Frameworks @loader_path/Frameworks";
				PRODUCT_BUNDLE_IDENTIFIER = "Cronabit-1.mygameUITests";
				PRODUCT_NAME = "$(TARGET_NAME)";
				SWIFT_VERSION = 3.0;
				TEST_TARGET_NAME = mygame;
			};
			name = Release;
		};
/* End XCBuildConfiguration section */

/* Begin XCConfigurationList section */
		1D80F7CD1FA4875C00F899A4 /* Build configuration list for PBXProject "mygame" */ = {
			isa = XCConfigurationList;
			buildConfigurations = (
				1D80F7F81FA4875C00F899A4 /* Debug */,
				1D80F7F91FA4875C00F899A4 /* Release */,
			);
			defaultConfigurationIsVisible = 0;
			defaultConfigurationName = Release;
		};
		1D80F7FA1FA4875C00F899A4 /* Build configuration list for PBXNativeTarget "mygame" */ = {
			isa = XCConfigurationList;
			buildConfigurations = (
				1D80F7FB1FA4875C00F899A4 /* Debug */,
				1D80F7FC1FA4875C00F899A4 /* Release */,
			);
			defaultConfigurationIsVisible = 0;
			defaultConfigurationName = Release;
		};
		1D80F7FD1FA4875C00F899A4 /* Build configuration list for PBXNativeTarget "mygameTests" */ = {
			isa = XCConfigurationList;
			buildConfigurations = (
				1D80F7FE1FA4875C00F899A4 /* Debug */,
				1D80F7FF1FA4875C00F899A4 /* Release */,
			);
			defaultConfigurationIsVisible = 0;
			defaultConfigurationName = Release;
		};
		1D80F8001FA4875C00F899A4 /* Build configuration list for PBXNativeTarget "mygameUITests" */ = {
			isa = XCConfigurationList;
			buildConfigurations = (
				1D80F8011FA4875C00F899A4 /* Debug */,
				1D80F8021FA4875C00F899A4 /* Release */,
			);
			defaultConfigurationIsVisible = 0;
			defaultConfigurationName = Release;
		};
/* End XCConfigurationList section */
	};
	rootObject = 1D80F7CA1FA4875C00F899A4 /* Project object */;
}
